<?xml version="1.0" encoding="utf-8"?>
<Project ToolsVersion="4.0" xmlns="http://schemas.microsoft.com/developer/msbuild/2003">
  <ItemGroup>
    <FxCompile Include="BasicVertexShader.hlsl" />
    <FxCompile Include="BasicPixelShader.hlsl" />
  </ItemGroup>
  <ItemGroup>
    <ClCompile Include="Application.cpp" />
    <ClCompile Include="main.cpp" />
    <ClCompile Include="PMDActor.cpp">
      <Filter>PMD</Filter>
    </ClCompile>
    <ClCompile Include="PMDRenderer.cpp">
      <Filter>PMD</Filter>
    </ClCompile>
    <ClCompile Include="Dx12Wrapper.cpp" />
  </ItemGroup>
  <ItemGroup>
    <ClInclude Include="Application.h" />
    <ClInclude Include="PMDActor.h">
      <Filter>PMD</Filter>
    </ClInclude>
    <ClInclude Include="PMDRenderer.h">
      <Filter>PMD</Filter>
    </ClInclude>
    <ClInclude Include="Dx12Wrapper.h" />
  </ItemGroup>
  <ItemGroup>
    <Filter Include="PMD">
      <UniqueIdentifier>{2f769e03-2e55-4b3c-a16c-d1139a99b5e9}</UniqueIdentifier>
    </Filter>
  </ItemGroup>
  <ItemGroup>
    <None Include="BasicType.hlsli" />
  </ItemGroup>
</Project>