
Microsoft Visual Studio Solution File, Format Version 12.00
# Visual Studio 15
VisualStudioVersion = 15.0.28307.329
MinimumVisualStudioVersion = 10.0.40219.1
Project("{8BC9CEB8-8B4A-11D0-8D11-00A0C91BC942}") = "Chapter4", "Chapter4\Chapter4.vcxproj", "{8482CF1B-AC98-4420-983C-89A9B0293ED5}"
EndProject
Project("{8BC9CEB8-8B4A-11D0-8D11-00A0C91BC942}") = "Chapter5", "Chapter5\Chapter5.vcxproj", "{CEDFBC56-E445-48EA-9B1D-36025EF8615D}"
EndProject
Project("{8BC9CEB8-8B4A-11D0-8D11-00A0C91BC942}") = "Chapter6", "Chapter6\Chapter6.vcxproj", "{743F92F7-08B9-49E9-BA6C-D3104A2C9C83}"
EndProject
Project("{8BC9CEB8-8B4A-11D0-8D11-00A0C91BC942}") = "Chapter6_CopyTexture", "Chapter6_CopyTexture\Chapter6_copytex.vcxproj", "{D0890DF4-D1D5-437B-AF1F-E0D7726A177A}"
EndProject
Project("{8BC9CEB8-8B4A-11D0-8D11-00A0C91BC942}") = "Chapter7", "Chapter7\Chapter7.vcxproj", "{F20F8C25-F105-442B-8A00-8C0EEEBB9376}"
EndProject
Project("{8BC9CEB8-8B4A-11D0-8D11-00A0C91BC942}") = "Chapter8", "Chapter8\Chapter8.vcxproj", "{4AB0575D-283E-40E3-AF2A-7514BC9D3834}"
EndProject
Project("{8BC9CEB8-8B4A-11D0-8D11-00A0C91BC942}") = "Chapter9", "Chapter9\Chapter9.vcxproj", "{08773AF7-498E-456C-8FE6-C007D2B19D12}"
EndProject
Project("{8BC9CEB8-8B4A-11D0-8D11-00A0C91BC942}") = "Chapter9_Refactored", "Chapter9_Refactored\Chapter9_Refactored.vcxproj", "{10DA7259-D698-41FB-86FC-0B920EC7606B}"
EndProject
Project("{8BC9CEB8-8B4A-11D0-8D11-00A0C91BC942}") = "Chapter9_Refactored2", "Chapter9_Refactored2\Chapter9_Refactored2.vcxproj", "{C030E26B-7C82-4D22-811E-BCBA1CD700FF}"
EndProject
Project("{8BC9CEB8-8B4A-11D0-8D11-00A0C91BC942}") = "Chapter11", "Chapter11\Chapter11.vcxproj", "{4ECBFEC5-9064-4AE4-A626-24C3EA3A75B0}"
EndProject
Project("{8BC9CEB8-8B4A-11D0-8D11-00A0C91BC942}") = "Chapter12", "Chapter12\Chapter12.vcxproj", "{EF431DD7-983D-47C5-B654-C36FE17A1200}"
EndProject
Global
	GlobalSection(SolutionConfigurationPlatforms) = preSolution
		Debug|x64 = Debug|x64
		Debug|x86 = Debug|x86
		Release|x64 = Release|x64
		Release|x86 = Release|x86
	EndGlobalSection
	GlobalSection(ProjectConfigurationPlatforms) = postSolution
		{8482CF1B-AC98-4420-983C-89A9B0293ED5}.Debug|x64.ActiveCfg = Debug|x64
		{8482CF1B-AC98-4420-983C-89A9B0293ED5}.Debug|x64.Build.0 = Debug|x64
		{8482CF1B-AC98-4420-983C-89A9B0293ED5}.Debug|x86.ActiveCfg = Debug|Win32
		{8482CF1B-AC98-4420-983C-89A9B0293ED5}.Debug|x86.Build.0 = Debug|Win32
		{8482CF1B-AC98-4420-983C-89A9B0293ED5}.Release|x64.ActiveCfg = Release|x64
		{8482CF1B-AC98-4420-983C-89A9B0293ED5}.Release|x64.Build.0 = Release|x64
		{8482CF1B-AC98-4420-983C-89A9B0293ED5}.Release|x86.ActiveCfg = Release|Win32
		{8482CF1B-AC98-4420-983C-89A9B0293ED5}.Release|x86.Build.0 = Release|Win32
		{CEDFBC56-E445-48EA-9B1D-36025EF8615D}.Debug|x64.ActiveCfg = Debug|x64
		{CEDFBC56-E445-48EA-9B1D-36025EF8615D}.Debug|x64.Build.0 = Debug|x64
		{CEDFBC56-E445-48EA-9B1D-36025EF8615D}.Debug|x86.ActiveCfg = Debug|Win32
		{CEDFBC56-E445-48EA-9B1D-36025EF8615D}.Debug|x86.Build.0 = Debug|Win32
		{CEDFBC56-E445-48EA-9B1D-36025EF8615D}.Release|x64.ActiveCfg = Release|x64
		{CEDFBC56-E445-48EA-9B1D-36025EF8615D}.Release|x64.Build.0 = Release|x64
		{CEDFBC56-E445-48EA-9B1D-36025EF8615D}.Release|x86.ActiveCfg = Release|Win32
		{CEDFBC56-E445-48EA-9B1D-36025EF8615D}.Release|x86.Build.0 = Release|Win32
		{743F92F7-08B9-49E9-BA6C-D3104A2C9C83}.Debug|x64.ActiveCfg = Debug|x64
		{743F92F7-08B9-49E9-BA6C-D3104A2C9C83}.Debug|x64.Build.0 = Debug|x64
		{743F92F7-08B9-49E9-BA6C-D3104A2C9C83}.Debug|x86.ActiveCfg = Debug|Win32
		{743F92F7-08B9-49E9-BA6C-D3104A2C9C83}.Debug|x86.Build.0 = Debug|Win32
		{743F92F7-08B9-49E9-BA6C-D3104A2C9C83}.Release|x64.ActiveCfg = Release|x64
		{743F92F7-08B9-49E9-BA6C-D3104A2C9C83}.Release|x64.Build.0 = Release|x64
		{743F92F7-08B9-49E9-BA6C-D3104A2C9C83}.Release|x86.ActiveCfg = Release|Win32
		{743F92F7-08B9-49E9-BA6C-D3104A2C9C83}.Release|x86.Build.0 = Release|Win32
		{D0890DF4-D1D5-437B-AF1F-E0D7726A177A}.Debug|x64.ActiveCfg = Debug|x64
		{D0890DF4-D1D5-437B-AF1F-E0D7726A177A}.Debug|x64.Build.0 = Debug|x64
		{D0890DF4-D1D5-437B-AF1F-E0D7726A177A}.Debug|x86.ActiveCfg = Debug|Win32
		{D0890DF4-D1D5-437B-AF1F-E0D7726A177A}.Debug|x86.Build.0 = Debug|Win32
		{D0890DF4-D1D5-437B-AF1F-E0D7726A177A}.Release|x64.ActiveCfg = Release|x64
		{D0890DF4-D1D5-437B-AF1F-E0D7726A177A}.Release|x64.Build.0 = Release|x64
		{D0890DF4-D1D5-437B-AF1F-E0D7726A177A}.Release|x86.ActiveCfg = Release|Win32
		{D0890DF4-D1D5-437B-AF1F-E0D7726A177A}.Release|x86.Build.0 = Release|Win32
		{F20F8C25-F105-442B-8A00-8C0EEEBB9376}.Debug|x64.ActiveCfg = Debug|x64
		{F20F8C25-F105-442B-8A00-8C0EEEBB9376}.Debug|x64.Build.0 = Debug|x64
		{F20F8C25-F105-442B-8A00-8C0EEEBB9376}.Debug|x86.ActiveCfg = Debug|Win32
		{F20F8C25-F105-442B-8A00-8C0EEEBB9376}.Debug|x86.Build.0 = Debug|Win32
		{F20F8C25-F105-442B-8A00-8C0EEEBB9376}.Release|x64.ActiveCfg = Release|x64
		{F20F8C25-F105-442B-8A00-8C0EEEBB9376}.Release|x64.Build.0 = Release|x64
		{F20F8C25-F105-442B-8A00-8C0EEEBB9376}.Release|x86.ActiveCfg = Release|Win32
		{F20F8C25-F105-442B-8A00-8C0EEEBB9376}.Release|x86.Build.0 = Release|Win32
		{4AB0575D-283E-40E3-AF2A-7514BC9D3834}.Debug|x64.ActiveCfg = Debug|x64
		{4AB0575D-283E-40E3-AF2A-7514BC9D3834}.Debug|x64.Build.0 = Debug|x64
		{4AB0575D-283E-40E3-AF2A-7514BC9D3834}.Debug|x86.ActiveCfg = Debug|Win32
		{4AB0575D-283E-40E3-AF2A-7514BC9D3834}.Debug|x86.Build.0 = Debug|Win32
		{4AB0575D-283E-40E3-AF2A-7514BC9D3834}.Release|x64.ActiveCfg = Release|x64
		{4AB0575D-283E-40E3-AF2A-7514BC9D3834}.Release|x64.Build.0 = Release|x64
		{4AB0575D-283E-40E3-AF2A-7514BC9D3834}.Release|x86.ActiveCfg = Release|Win32
		{4AB0575D-283E-40E3-AF2A-7514BC9D3834}.Release|x86.Build.0 = Release|Win32
		{08773AF7-498E-456C-8FE6-C007D2B19D12}.Debug|x64.ActiveCfg = Debug|x64
		{08773AF7-498E-456C-8FE6-C007D2B19D12}.Debug|x64.Build.0 = Debug|x64
		{08773AF7-498E-456C-8FE6-C007D2B19D12}.Debug|x86.ActiveCfg = Debug|Win32
		{08773AF7-498E-456C-8FE6-C007D2B19D12}.Debug|x86.Build.0 = Debug|Win32
		{08773AF7-498E-456C-8FE6-C007D2B19D12}.Release|x64.ActiveCfg = Release|x64
		{08773AF7-498E-456C-8FE6-C007D2B19D12}.Release|x64.Build.0 = Release|x64
		{08773AF7-498E-456C-8FE6-C007D2B19D12}.Release|x86.ActiveCfg = Release|Win32
		{08773AF7-498E-456C-8FE6-C007D2B19D12}.Release|x86.Build.0 = Release|Win32
		{10DA7259-D698-41FB-86FC-0B920EC7606B}.Debug|x64.ActiveCfg = Debug|x64
		{10DA7259-D698-41FB-86FC-0B920EC7606B}.Debug|x64.Build.0 = Debug|x64
		{10DA7259-D698-41FB-86FC-0B920EC7606B}.Debug|x86.ActiveCfg = Debug|Win32
		{10DA7259-D698-41FB-86FC-0B920EC7606B}.Debug|x86.Build.0 = Debug|Win32
		{10DA7259-D698-41FB-86FC-0B920EC7606B}.Release|x64.ActiveCfg = Release|x64
		{10DA7259-D698-41FB-86FC-0B920EC7606B}.Release|x64.Build.0 = Release|x64
		{10DA7259-D698-41FB-86FC-0B920EC7606B}.Release|x86.ActiveCfg = Release|Win32
		{10DA7259-D698-41FB-86FC-0B920EC7606B}.Release|x86.Build.0 = Release|Win32
		{C030E26B-7C82-4D22-811E-BCBA1CD700FF}.Debug|x64.ActiveCfg = Debug|x64
		{C030E26B-7C82-4D22-811E-BCBA1CD700FF}.Debug|x64.Build.0 = Debug|x64
		{C030E26B-7C82-4D22-811E-BCBA1CD700FF}.Debug|x86.ActiveCfg = Debug|Win32
		{C030E26B-7C82-4D22-811E-BCBA1CD700FF}.Debug|x86.Build.0 = Debug|Win32
		{C030E26B-7C82-4D22-811E-BCBA1CD700FF}.Release|x64.ActiveCfg = Release|x64
		{C030E26B-7C82-4D22-811E-BCBA1CD700FF}.Release|x64.Build.0 = Release|x64
		{C030E26B-7C82-4D22-811E-BCBA1CD700FF}.Release|x86.ActiveCfg = Release|Win32
		{C030E26B-7C82-4D22-811E-BCBA1CD700FF}.Release|x86.Build.0 = Release|Win32
		{4ECBFEC5-9064-4AE4-A626-24C3EA3A75B0}.Debug|x64.ActiveCfg = Debug|x64
		{4ECBFEC5-9064-4AE4-A626-24C3EA3A75B0}.Debug|x64.Build.0 = Debug|x64
		{4ECBFEC5-9064-4AE4-A626-24C3EA3A75B0}.Debug|x86.ActiveCfg = Debug|Win32
		{4ECBFEC5-9064-4AE4-A626-24C3EA3A75B0}.Debug|x86.Build.0 = Debug|Win32
		{4ECBFEC5-9064-4AE4-A626-24C3EA3A75B0}.Release|x64.ActiveCfg = Release|x64
		{4ECBFEC5-9064-4AE4-A626-24C3EA3A75B0}.Release|x64.Build.0 = Release|x64
		{4ECBFEC5-9064-4AE4-A626-24C3EA3A75B0}.Release|x86.ActiveCfg = Release|Win32
		{4ECBFEC5-9064-4AE4-A626-24C3EA3A75B0}.Release|x86.Build.0 = Release|Win32
		{EF431DD7-983D-47C5-B654-C36FE17A1200}.Debug|x64.ActiveCfg = Debug|x64
		{EF431DD7-983D-47C5-B654-C36FE17A1200}.Debug|x64.Build.0 = Debug|x64
		{EF431DD7-983D-47C5-B654-C36FE17A1200}.Debug|x86.ActiveCfg = Debug|Win32
		{EF431DD7-983D-47C5-B654-C36FE17A1200}.Debug|x86.Build.0 = Debug|Win32
		{EF431DD7-983D-47C5-B654-C36FE17A1200}.Release|x64.ActiveCfg = Release|x64
		{EF431DD7-983D-47C5-B654-C36FE17A1200}.Release|x64.Build.0 = Release|x64
		{EF431DD7-983D-47C5-B654-C36FE17A1200}.Release|x86.ActiveCfg = Release|Win32
		{EF431DD7-983D-47C5-B654-C36FE17A1200}.Release|x86.Build.0 = Release|Win32
	EndGlobalSection
	GlobalSection(SolutionProperties) = preSolution
		HideSolutionNode = FALSE
	EndGlobalSection
	GlobalSection(ExtensibilityGlobals) = postSolution
		SolutionGuid = {B979B336-10E8-45AE-9EE8-80AA172046DE}
	EndGlobalSection
EndGlobal
