<?xml version="1.0" encoding="utf-8"?>
<Project ToolsVersion="4.0" xmlns="http://schemas.microsoft.com/developer/msbuild/2003">
  <ItemGroup>
    <Filter Include="ソース ファイル">
      <UniqueIdentifier>{4FC737F1-C7A5-4376-A066-2A32D752A2FF}</UniqueIdentifier>
      <Extensions>cpp;c;cc;cxx;def;odl;idl;hpj;bat;asm;asmx</Extensions>
    </Filter>
    <Filter Include="ヘッダー ファイル">
      <UniqueIdentifier>{93995380-89BD-4b04-88EB-625FBE52EBFB}</UniqueIdentifier>
      <Extensions>h;hh;hpp;hxx;hm;inl;inc;ipp;xsd</Extensions>
    </Filter>
    <Filter Include="リソース ファイル">
      <UniqueIdentifier>{67DA6AB6-F800-4c08-8B7A-83BB121AAD01}</UniqueIdentifier>
      <Extensions>rc;ico;cur;bmp;dlg;rc2;rct;bin;rgs;gif;jpg;jpeg;jpe;resx;tiff;tif;png;wav;mfcribbon-ms</Extensions>
    </Filter>
    <Filter Include="Shader">
      <UniqueIdentifier>{9585e578-ab05-48ac-aaa5-142953d38ed0}</UniqueIdentifier>
    </Filter>
    <Filter Include="PMD">
      <UniqueIdentifier>{ed5aa46a-0ebd-4281-91c7-e72073443bbf}</UniqueIdentifier>
    </Filter>
    <Filter Include="Primitive">
      <UniqueIdentifier>{7fb22ca4-f6a4-4d41-bec6-9bb76df03050}</UniqueIdentifier>
    </Filter>
  </ItemGroup>
  <ItemGroup>
    <ClCompile Include="main.cpp">
      <Filter>ソース ファイル</Filter>
    </ClCompile>
    <ClCompile Include="Application.cpp">
      <Filter>ソース ファイル</Filter>
    </ClCompile>
    <ClCompile Include="Dx12Wrapper.cpp">
      <Filter>ソース ファイル</Filter>
    </ClCompile>
    <ClCompile Include="Helper.cpp">
      <Filter>ソース ファイル</Filter>
    </ClCompile>
    <ClCompile Include="PMDActor.cpp">
      <Filter>PMD</Filter>
    </ClCompile>
    <ClCompile Include="PMDRenderer.cpp">
      <Filter>PMD</Filter>
    </ClCompile>
    <ClCompile Include="CylinderActor.cpp">
      <Filter>Primitive</Filter>
    </ClCompile>
    <ClCompile Include="PlaneActor.cpp">
      <Filter>Primitive</Filter>
    </ClCompile>
    <ClCompile Include="PrimitiveActor.cpp">
      <Filter>Primitive</Filter>
    </ClCompile>
    <ClCompile Include="PrimitiveRenderer.cpp">
      <Filter>Primitive</Filter>
    </ClCompile>
  </ItemGroup>
  <ItemGroup>
    <ClInclude Include="Application.h">
      <Filter>ヘッダー ファイル</Filter>
    </ClInclude>
    <ClInclude Include="Dx12Wrapper.h">
      <Filter>ヘッダー ファイル</Filter>
    </ClInclude>
    <ClInclude Include="Helper.h">
      <Filter>ヘッダー ファイル</Filter>
    </ClInclude>
    <ClInclude Include="PMDActor.h">
      <Filter>PMD</Filter>
    </ClInclude>
    <ClInclude Include="PMDRenderer.h">
      <Filter>PMD</Filter>
    </ClInclude>
    <ClInclude Include="PrimitiveActor.h">
      <Filter>Primitive</Filter>
    </ClInclude>
    <ClInclude Include="PrimitiveRenderer.h">
      <Filter>Primitive</Filter>
    </ClInclude>
    <ClInclude Include="CylinderActor.h">
      <Filter>Primitive</Filter>
    </ClInclude>
    <ClInclude Include="PlaneActor.h">
      <Filter>Primitive</Filter>
    </ClInclude>
  </ItemGroup>
  <ItemGroup>
    <FxCompile Include="BasicPixelShader.hlsl">
      <Filter>Shader</Filter>
    </FxCompile>
    <FxCompile Include="BasicVertexShader.hlsl">
      <Filter>Shader</Filter>
    </FxCompile>
    <FxCompile Include="PeraPixelShader.hlsl">
      <Filter>Shader</Filter>
    </FxCompile>
    <FxCompile Include="PeraVertexShader.hlsl">
      <Filter>Shader</Filter>
    </FxCompile>
  </ItemGroup>
  <ItemGroup>
    <None Include="Type.hlsli">
      <Filter>Shader</Filter>
    </None>
  </ItemGroup>
</Project>