<?xml version="1.0" encoding="utf-8"?>
<Project ToolsVersion="4.0" xmlns="http://schemas.microsoft.com/developer/msbuild/2003">
  <ItemGroup>
    <FxCompile Include="BasicPixelShader.hlsl">
      <Filter>Shader</Filter>
    </FxCompile>
    <FxCompile Include="BasicVertexShader.hlsl">
      <Filter>Shader</Filter>
    </FxCompile>
  </ItemGroup>
  <ItemGroup>
    <ClCompile Include="Application.cpp" />
    <ClCompile Include="Dx12Wrapper.cpp" />
    <ClCompile Include="main.cpp" />
    <ClCompile Include="PMDActor.cpp">
      <Filter>PMD</Filter>
    </ClCompile>
    <ClCompile Include="PMDRenderer.cpp">
      <Filter>PMD</Filter>
    </ClCompile>
  </ItemGroup>
  <ItemGroup>
    <ClInclude Include="Application.h" />
    <ClInclude Include="Dx12Wrapper.h" />
    <ClInclude Include="PMDActor.h">
      <Filter>PMD</Filter>
    </ClInclude>
    <ClInclude Include="PMDRenderer.h">
      <Filter>PMD</Filter>
    </ClInclude>
  </ItemGroup>
  <ItemGroup>
    <Filter Include="Shader">
      <UniqueIdentifier>{fa715ca7-b5d7-4608-a0a7-1bc9e189be32}</UniqueIdentifier>
    </Filter>
    <Filter Include="PMD">
      <UniqueIdentifier>{a071fcd7-c287-4fc2-af6b-a49ba6bc7a2b}</UniqueIdentifier>
    </Filter>
  </ItemGroup>
  <ItemGroup>
    <None Include="BasicType.hlsli">
      <Filter>Shader</Filter>
    </None>
  </ItemGroup>
</Project>