<?xml version="1.0" encoding="utf-8"?>
<Project ToolsVersion="4.0" xmlns="http://schemas.microsoft.com/developer/msbuild/2003">
  <ItemGroup>
    <FxCompile Include="BasicPixelShader.hlsl">
      <Filter>Shader</Filter>
    </FxCompile>
    <FxCompile Include="BasicVertexShader.hlsl">
      <Filter>Shader</Filter>
    </FxCompile>
    <FxCompile Include="PeraPixelShader.hlsl">
      <Filter>Shader</Filter>
    </FxCompile>
    <FxCompile Include="PeraVertexShader.hlsl">
      <Filter>Shader</Filter>
    </FxCompile>
  </ItemGroup>
  <ItemGroup>
    <ClCompile Include="Application.cpp" />
    <ClCompile Include="Dx12Wrapper.cpp" />
    <ClCompile Include="Helper.cpp" />
    <ClCompile Include="main.cpp" />
    <ClCompile Include="PMDActor.cpp">
      <Filter>PMD</Filter>
    </ClCompile>
    <ClCompile Include="PMDRenderer.cpp">
      <Filter>PMD</Filter>
    </ClCompile>
  </ItemGroup>
  <ItemGroup>
    <ClInclude Include="Application.h" />
    <ClInclude Include="Dx12Wrapper.h" />
    <ClInclude Include="Helper.h" />
    <ClInclude Include="PMDActor.h">
      <Filter>PMD</Filter>
    </ClInclude>
    <ClInclude Include="PMDRenderer.h">
      <Filter>PMD</Filter>
    </ClInclude>
  </ItemGroup>
  <ItemGroup>
    <Filter Include="PMD">
      <UniqueIdentifier>{6941dd52-cfa1-477f-b37d-f5435d9b7333}</UniqueIdentifier>
    </Filter>
    <Filter Include="Shader">
      <UniqueIdentifier>{88b8c5f4-8b27-4bcb-920b-18de75837659}</UniqueIdentifier>
    </Filter>
  </ItemGroup>
  <ItemGroup>
    <None Include="Type.hlsli">
      <Filter>Shader</Filter>
    </None>
  </ItemGroup>
</Project>